
Microsoft Visual Studio Solution File, Format Version 12.00
# Visual Studio Version 17
VisualStudioVersion = 17.7.34202.233
MinimumVisualStudioVersion = 10.0.40219.1
Project("{9A19103F-16F7-4668-BE54-9A1E7A4F7556}") = "EmployeesRecord", "EmployeesRecord\EmployeesRecord.csproj", "{1C688D29-1F49-4AFB-B475-D9B661A765CA}"
EndProject
Global
	GlobalSection(SolutionConfigurationPlatforms) = preSolution
		Debug|Any CPU = Debug|Any CPU
		Release|Any CPU = Release|Any CPU
	EndGlobalSection
	GlobalSection(ProjectConfigurationPlatforms) = postSolution
		{1C688D29-1F49-4AFB-B475-D9B661A765CA}.Debug|Any CPU.ActiveCfg = Debug|Any CPU
		{1C688D29-1F49-4AFB-B475-D9B661A765CA}.Debug|Any CPU.Build.0 = Debug|Any CPU
		{1C688D29-1F49-4AFB-B475-D9B661A765CA}.Release|Any CPU.ActiveCfg = Release|Any CPU
		{1C688D29-1F49-4AFB-B475-D9B661A765CA}.Release|Any CPU.Build.0 = Release|Any CPU
	EndGlobalSection
	GlobalSection(SolutionProperties) = preSolution
		HideSolutionNode = FALSE
	EndGlobalSection
	GlobalSection(ExtensibilityGlobals) = postSolution
		SolutionGuid = {38D1B09B-E910-4ED6-8367-E73B0172681E}
	EndGlobalSection
EndGlobal
